<?xml version="1.0" encoding="utf-8"?>
<Project ToolsVersion="4.0" xmlns="http://schemas.microsoft.com/developer/msbuild/2003">
  <ItemGroup>
    <Filter Include="system">
      <UniqueIdentifier>{22dd8095-74f9-46df-81a1-36675a040b1f}</UniqueIdentifier>
    </Filter>
  </ItemGroup>
  <ItemGroup>
    <ClCompile Include="stdafx.cpp" />
    <ClCompile Include="main.cpp" />
    <ClCompile Include="system\system.cpp">
      <Filter>system</Filter>
    </ClCompile>
    <ClCompile Include="Game.cpp" />
    <ClCompile Include="GameScene\GameSceneManager.cpp" />
    <ClCompile Include="GameScene\GameTitleScene.cpp" />
    <ClCompile Include="GameScene\GameInScene.cpp" />
    <ClCompile Include="Actor\Player\Player.cpp" />
    <ClCompile Include="Actor\Actor.cpp" />
    <ClCompile Include="Actor\ActorStatus.cpp" />
    <ClCompile Include="Actor\Character.cpp" />
    <ClCompile Include="Actor\YakuzaComponents\YakuzaStateMachine.cpp" />
    <ClCompile Include="Actor\YakuzaComponents\YakuzaStates.cpp" />
    <ClCompile Include="Actor\Player\PlayerController.cpp" />
    <ClCompile Include="Camera\CameraManager.cpp" />
    <ClCompile Include="Camera\CameraEntity.cpp" />
    <ClCompile Include="Actor\Player\PlayerCameraController.cpp" />
    <ClCompile Include="Actor\BackGround\ProtoStage.cpp" />
    <ClCompile Include="Actor\YakuzaComponents\YakuzaAttackComboStateMachine.cpp" />
    <ClCompile Include="Actor\Player\PlayerAttackComboState.cpp" />
  </ItemGroup>
  <ItemGroup>
    <ClInclude Include="stdafx.h" />
    <ClInclude Include="system\system.h">
      <Filter>system</Filter>
    </ClInclude>
    <ClInclude Include="Game.h" />
    <ClInclude Include="GameScene\GameSceneManager.h" />
    <ClInclude Include="CRC32.h" />
    <ClInclude Include="GameScene\IGameSceneState.h" />
    <ClInclude Include="GameScene\GameTitleScene.h" />
    <ClInclude Include="GameScene\GameInScene.h" />
    <ClInclude Include="Actor\Player\Player.h" />
    <ClInclude Include="Actor\Actor.h" />
    <ClInclude Include="Actor\ActorStatus.h" />
    <ClInclude Include="Actor\Character.h" />
    <ClInclude Include="StateMachineComponents\IStateMachine.h" />
    <ClInclude Include="StateMachineComponents\IState.h" />
    <ClInclude Include="Actor\YakuzaComponents\YakuzaStateMachine.h" />
    <ClInclude Include="Actor\YakuzaComponents\YakuzaStates.h" />
    <ClInclude Include="Actor\Player\PlayerController.h" />
    <ClInclude Include="Camera\CameraManager.h" />
    <ClInclude Include="Camera\ICameraController.h" />
    <ClInclude Include="Camera\CameraEntity.h" />
    <ClInclude Include="Actor\Player\PlayerCameraController.h" />
    <ClInclude Include="Camera\CameraUpdateData.h" />
    <ClInclude Include="Actor\BackGround\ProtoStage.h" />
    <ClInclude Include="Actor\YakuzaComponents\YakuzaAttackComboStateMachine.h" />
    <ClInclude Include="Actor\Player\PlayerAttackComboState.h" />
  </ItemGroup>
</Project>